
Microsoft Visual Studio Solution File, Format Version 12.00
# Visual Studio Version 17
VisualStudioVersion = 17.6.33712.159
MinimumVisualStudioVersion = 10.0.40219.1
Project("{FAE04EC0-301F-11D3-BF4B-00C04F79EFBC}") = "ProyectoSGCE", "ProyectoSGCE\ProyectoSGCE.csproj", "{F560FEB8-BCAD-485B-86CC-2B992E291BD3}"
EndProject
Global
	GlobalSection(SolutionConfigurationPlatforms) = preSolution
		Debug|Any CPU = Debug|Any CPU
		Release|Any CPU = Release|Any CPU
	EndGlobalSection
	GlobalSection(ProjectConfigurationPlatforms) = postSolution
		{F560FEB8-BCAD-485B-86CC-2B992E291BD3}.Debug|Any CPU.ActiveCfg = Debug|Any CPU
		{F560FEB8-BCAD-485B-86CC-2B992E291BD3}.Debug|Any CPU.Build.0 = Debug|Any CPU
		{F560FEB8-BCAD-485B-86CC-2B992E291BD3}.Release|Any CPU.ActiveCfg = Release|Any CPU
		{F560FEB8-BCAD-485B-86CC-2B992E291BD3}.Release|Any CPU.Build.0 = Release|Any CPU
	EndGlobalSection
	GlobalSection(SolutionProperties) = preSolution
		HideSolutionNode = FALSE
	EndGlobalSection
	GlobalSection(ExtensibilityGlobals) = postSolution
		SolutionGuid = {B822DC3F-735C-4796-A37B-2984E1EB89EC}
	EndGlobalSection
EndGlobal
